
Microsoft Visual Studio Solution File, Format Version 12.00
# Visual Studio Version 17
VisualStudioVersion = 17.2.32616.157
MinimumVisualStudioVersion = 10.0.40219.1
Project("{FAE04EC0-301F-11D3-BF4B-00C04F79EFBC}") = "tax", "tax\tax.csproj", "{5085C03D-9BB4-4281-8CD9-ED83574871D4}"
EndProject
Global
	GlobalSection(SolutionConfigurationPlatforms) = preSolution
		Debug|Any CPU = Debug|Any CPU
		Release|Any CPU = Release|Any CPU
	EndGlobalSection
	GlobalSection(ProjectConfigurationPlatforms) = postSolution
		{5085C03D-9BB4-4281-8CD9-ED83574871D4}.Debug|Any CPU.ActiveCfg = Debug|Any CPU
		{5085C03D-9BB4-4281-8CD9-ED83574871D4}.Debug|Any CPU.Build.0 = Debug|Any CPU
		{5085C03D-9BB4-4281-8CD9-ED83574871D4}.Release|Any CPU.ActiveCfg = Release|Any CPU
		{5085C03D-9BB4-4281-8CD9-ED83574871D4}.Release|Any CPU.Build.0 = Release|Any CPU
	EndGlobalSection
	GlobalSection(SolutionProperties) = preSolution
		HideSolutionNode = FALSE
	EndGlobalSection
	GlobalSection(ExtensibilityGlobals) = postSolution
		SolutionGuid = {F1B3C6F7-A80F-45C7-AB0E-A1ADFA07375D}
	EndGlobalSection
EndGlobal
